// !$*UTF8*$!
{
	archiveVersion = 1;
	classes = {
	};
	objectVersion = 56;
	objects = {

/* Begin PBXBuildFile section */
		A321D4892CB0C8D500ECFB96 /* UltimateRugbyTrainerTests.swift in Sources */ = {isa = PBXBuildFile; fileRef = A321D4882CB0C8D500ECFB96 /* UltimateRugbyTrainerTests.swift */; };
		A321D4902CB17DB700ECFB96 /* BuildGameTests.swift in Sources */ = {isa = PBXBuildFile; fileRef = A321D48F2CB17DB700ECFB96 /* BuildGameTests.swift */; };
		A38AB2052CA0DE6600367011 /* TutorialView.swift in Sources */ = {isa = PBXBuildFile; fileRef = A38AB2042CA0DE6600367011 /* TutorialView.swift */; };
		A3A680DC2CAEF4F400B061E5 /* SettingsView.swift in Sources */ = {isa = PBXBuildFile; fileRef = A3A680DB2CAEF4F400B061E5 /* SettingsView.swift */; };
		A3DB7BFD2C8A27AE005F1DF6 /* GameSimulationView.swift in Sources */ = {isa = PBXBuildFile; fileRef = A3DB7BFC2C8A27AE005F1DF6 /* GameSimulationView.swift */; };
		A3DB7C012C8B8CE7005F1DF6 /* NFPixels-Regular.ttf in Resources */ = {isa = PBXBuildFile; fileRef = A3DB7C002C8B8CE7005F1DF6 /* NFPixels-Regular.ttf */; };
		A3EAD7EA2CA4EB55005FE69A /* PlayView.swift in Sources */ = {isa = PBXBuildFile; fileRef = A3EAD7E92CA4EB55005FE69A /* PlayView.swift */; };
		A3EAD7EC2CA5AF02005FE69A /* PlayLogic.swift in Sources */ = {isa = PBXBuildFile; fileRef = A3EAD7EB2CA5AF02005FE69A /* PlayLogic.swift */; };
		A3F25D6A2CB7429A003FF37A /* GameSimulationViewLogic.swift in Sources */ = {isa = PBXBuildFile; fileRef = A3F25D692CB7429A003FF37A /* GameSimulationViewLogic.swift */; };
		A3F25D6C2CB74301003FF37A /* ContentViewLogic.swift in Sources */ = {isa = PBXBuildFile; fileRef = A3F25D6B2CB74301003FF37A /* ContentViewLogic.swift */; };
		A3F25D6E2CB74F84003FF37A /* FootballView.swift in Sources */ = {isa = PBXBuildFile; fileRef = A3F25D6D2CB74F84003FF37A /* FootballView.swift */; };
		A3F25D702CB7512D003FF37A /* FrameByFrameView.swift in Sources */ = {isa = PBXBuildFile; fileRef = A3F25D6F2CB7512D003FF37A /* FrameByFrameView.swift */; };
		A3F25D722CB7514B003FF37A /* FrameByFrameManager.swift in Sources */ = {isa = PBXBuildFile; fileRef = A3F25D712CB7514B003FF37A /* FrameByFrameManager.swift */; };
		A3F49E492C8A18C6003A0E1D /* UltimateRugbyTrainerApp.swift in Sources */ = {isa = PBXBuildFile; fileRef = A3F49E482C8A18C6003A0E1D /* UltimateRugbyTrainerApp.swift */; };
		A3F49E4B2C8A18C6003A0E1D /* ContentView.swift in Sources */ = {isa = PBXBuildFile; fileRef = A3F49E4A2C8A18C6003A0E1D /* ContentView.swift */; };
		A3F49E4D2C8A18C7003A0E1D /* Assets.xcassets in Resources */ = {isa = PBXBuildFile; fileRef = A3F49E4C2C8A18C7003A0E1D /* Assets.xcassets */; };
		A3F49E502C8A18C7003A0E1D /* Preview Assets.xcassets in Resources */ = {isa = PBXBuildFile; fileRef = A3F49E4F2C8A18C7003A0E1D /* Preview Assets.xcassets */; };
/* End PBXBuildFile section */

/* Begin PBXContainerItemProxy section */
		A321D48A2CB0C8D500ECFB96 /* PBXContainerItemProxy */ = {
			isa = PBXContainerItemProxy;
			containerPortal = A3F49E3D2C8A18C6003A0E1D /* Project object */;
			proxyType = 1;
			remoteGlobalIDString = A3F49E442C8A18C6003A0E1D;
			remoteInfo = UltimateRugbyTrainer;
		};
/* End PBXContainerItemProxy section */

/* Begin PBXFileReference section */
		A321D4862CB0C8D500ECFB96 /* UltimateRugbyTrainerTests.xctest */ = {isa = PBXFileReference; explicitFileType = wrapper.cfbundle; includeInIndex = 0; path = UltimateRugbyTrainerTests.xctest; sourceTree = BUILT_PRODUCTS_DIR; };
		A321D4882CB0C8D500ECFB96 /* UltimateRugbyTrainerTests.swift */ = {isa = PBXFileReference; lastKnownFileType = sourcecode.swift; path = UltimateRugbyTrainerTests.swift; sourceTree = "<group>"; };
		A321D48F2CB17DB700ECFB96 /* BuildGameTests.swift */ = {isa = PBXFileReference; lastKnownFileType = sourcecode.swift; path = BuildGameTests.swift; sourceTree = "<group>"; };
		A38AB2042CA0DE6600367011 /* TutorialView.swift */ = {isa = PBXFileReference; lastKnownFileType = sourcecode.swift; path = TutorialView.swift; sourceTree = "<group>"; };
		A3A680DB2CAEF4F400B061E5 /* SettingsView.swift */ = {isa = PBXFileReference; lastKnownFileType = sourcecode.swift; path = SettingsView.swift; sourceTree = "<group>"; };
		A3DB7BFC2C8A27AE005F1DF6 /* GameSimulationView.swift */ = {isa = PBXFileReference; lastKnownFileType = sourcecode.swift; path = GameSimulationView.swift; sourceTree = "<group>"; };
		A3DB7C002C8B8CE7005F1DF6 /* NFPixels-Regular.ttf */ = {isa = PBXFileReference; lastKnownFileType = file; path = "NFPixels-Regular.ttf"; sourceTree = "<group>"; };
		A3DB7C022C8B8D3E005F1DF6 /* Info.plist */ = {isa = PBXFileReference; lastKnownFileType = text.plist; path = Info.plist; sourceTree = "<group>"; };
		A3EAD7E92CA4EB55005FE69A /* PlayView.swift */ = {isa = PBXFileReference; lastKnownFileType = sourcecode.swift; path = PlayView.swift; sourceTree = "<group>"; };
		A3EAD7EB2CA5AF02005FE69A /* PlayLogic.swift */ = {isa = PBXFileReference; lastKnownFileType = sourcecode.swift; path = PlayLogic.swift; sourceTree = "<group>"; };
		A3F25D692CB7429A003FF37A /* GameSimulationViewLogic.swift */ = {isa = PBXFileReference; lastKnownFileType = sourcecode.swift; path = GameSimulationViewLogic.swift; sourceTree = "<group>"; };
		A3F25D6B2CB74301003FF37A /* ContentViewLogic.swift */ = {isa = PBXFileReference; lastKnownFileType = sourcecode.swift; path = ContentViewLogic.swift; sourceTree = "<group>"; };
		A3F25D6D2CB74F84003FF37A /* FootballView.swift */ = {isa = PBXFileReference; lastKnownFileType = sourcecode.swift; path = FootballView.swift; sourceTree = "<group>"; };
		A3F25D6F2CB7512D003FF37A /* FrameByFrameView.swift */ = {isa = PBXFileReference; lastKnownFileType = sourcecode.swift; path = FrameByFrameView.swift; sourceTree = "<group>"; };
		A3F25D712CB7514B003FF37A /* FrameByFrameManager.swift */ = {isa = PBXFileReference; lastKnownFileType = sourcecode.swift; path = FrameByFrameManager.swift; sourceTree = "<group>"; };
		A3F49E452C8A18C6003A0E1D /* UltimateRugbyTrainer.app */ = {isa = PBXFileReference; explicitFileType = wrapper.application; includeInIndex = 0; path = UltimateRugbyTrainer.app; sourceTree = BUILT_PRODUCTS_DIR; };
		A3F49E482C8A18C6003A0E1D /* UltimateRugbyTrainerApp.swift */ = {isa = PBXFileReference; lastKnownFileType = sourcecode.swift; path = UltimateRugbyTrainerApp.swift; sourceTree = "<group>"; };
		A3F49E4A2C8A18C6003A0E1D /* ContentView.swift */ = {isa = PBXFileReference; lastKnownFileType = sourcecode.swift; path = ContentView.swift; sourceTree = "<group>"; };
		A3F49E4C2C8A18C7003A0E1D /* Assets.xcassets */ = {isa = PBXFileReference; lastKnownFileType = folder.assetcatalog; path = Assets.xcassets; sourceTree = "<group>"; };
		A3F49E4F2C8A18C7003A0E1D /* Preview Assets.xcassets */ = {isa = PBXFileReference; lastKnownFileType = folder.assetcatalog; path = "Preview Assets.xcassets"; sourceTree = "<group>"; };
/* End PBXFileReference section */

/* Begin PBXFrameworksBuildPhase section */
		A321D4832CB0C8D500ECFB96 /* Frameworks */ = {
			isa = PBXFrameworksBuildPhase;
			buildActionMask = 2147483647;
			files = (
			);
			runOnlyForDeploymentPostprocessing = 0;
		};
		A3F49E422C8A18C6003A0E1D /* Frameworks */ = {
			isa = PBXFrameworksBuildPhase;
			buildActionMask = 2147483647;
			files = (
			);
			runOnlyForDeploymentPostprocessing = 0;
		};
/* End PBXFrameworksBuildPhase section */

/* Begin PBXGroup section */
		A321D4872CB0C8D500ECFB96 /* UltimateRugbyTrainerTests */ = {
			isa = PBXGroup;
			children = (
				A321D4882CB0C8D500ECFB96 /* UltimateRugbyTrainerTests.swift */,
				A321D48F2CB17DB700ECFB96 /* BuildGameTests.swift */,
			);
			path = UltimateRugbyTrainerTests;
			sourceTree = "<group>";
		};
		A3F49E3C2C8A18C6003A0E1D = {
			isa = PBXGroup;
			children = (
				A3F49E472C8A18C6003A0E1D /* UltimateRugbyTrainer */,
				A321D4872CB0C8D500ECFB96 /* UltimateRugbyTrainerTests */,
				A3F49E462C8A18C6003A0E1D /* Products */,
			);
			sourceTree = "<group>";
		};
		A3F49E462C8A18C6003A0E1D /* Products */ = {
			isa = PBXGroup;
			children = (
				A3F49E452C8A18C6003A0E1D /* UltimateRugbyTrainer.app */,
				A321D4862CB0C8D500ECFB96 /* UltimateRugbyTrainerTests.xctest */,
			);
			name = Products;
			sourceTree = "<group>";
		};
		A3F49E472C8A18C6003A0E1D /* UltimateRugbyTrainer */ = {
			isa = PBXGroup;
			children = (
				A3DB7C022C8B8D3E005F1DF6 /* Info.plist */,
				A3DB7C002C8B8CE7005F1DF6 /* NFPixels-Regular.ttf */,
				A3F49E482C8A18C6003A0E1D /* UltimateRugbyTrainerApp.swift */,
				A3EAD7EB2CA5AF02005FE69A /* PlayLogic.swift */,
				A3F49E4A2C8A18C6003A0E1D /* ContentView.swift */,
				A3F25D6F2CB7512D003FF37A /* FrameByFrameView.swift */,
				A3F25D712CB7514B003FF37A /* FrameByFrameManager.swift */,
				A3F25D6D2CB74F84003FF37A /* FootballView.swift */,
				A3F25D6B2CB74301003FF37A /* ContentViewLogic.swift */,
				A3A680DB2CAEF4F400B061E5 /* SettingsView.swift */,
				A3DB7BFC2C8A27AE005F1DF6 /* GameSimulationView.swift */,
				A3F25D692CB7429A003FF37A /* GameSimulationViewLogic.swift */,
				A3EAD7E92CA4EB55005FE69A /* PlayView.swift */,
				A38AB2042CA0DE6600367011 /* TutorialView.swift */,
				A3F49E4C2C8A18C7003A0E1D /* Assets.xcassets */,
				A3F49E4E2C8A18C7003A0E1D /* Preview Content */,
			);
			path = UltimateRugbyTrainer;
			sourceTree = "<group>";
		};
		A3F49E4E2C8A18C7003A0E1D /* Preview Content */ = {
			isa = PBXGroup;
			children = (
				A3F49E4F2C8A18C7003A0E1D /* Preview Assets.xcassets */,
			);
			path = "Preview Content";
			sourceTree = "<group>";
		};
/* End PBXGroup section */

/* Begin PBXNativeTarget section */
		A321D4852CB0C8D500ECFB96 /* UltimateRugbyTrainerTests */ = {
			isa = PBXNativeTarget;
			buildConfigurationList = A321D48E2CB0C8D500ECFB96 /* Build configuration list for PBXNativeTarget "UltimateRugbyTrainerTests" */;
			buildPhases = (
				A321D4822CB0C8D500ECFB96 /* Sources */,
				A321D4832CB0C8D500ECFB96 /* Frameworks */,
				A321D4842CB0C8D500ECFB96 /* Resources */,
			);
			buildRules = (
			);
			dependencies = (
				A321D48B2CB0C8D500ECFB96 /* PBXTargetDependency */,
			);
			name = UltimateRugbyTrainerTests;
			productName = UltimateRugbyTrainerTests;
			productReference = A321D4862CB0C8D500ECFB96 /* UltimateRugbyTrainerTests.xctest */;
			productType = "com.apple.product-type.bundle.unit-test";
		};
		A3F49E442C8A18C6003A0E1D /* UltimateRugbyTrainer */ = {
			isa = PBXNativeTarget;
			buildConfigurationList = A3F49E532C8A18C7003A0E1D /* Build configuration list for PBXNativeTarget "UltimateRugbyTrainer" */;
			buildPhases = (
				A3F49E412C8A18C6003A0E1D /* Sources */,
				A3F49E422C8A18C6003A0E1D /* Frameworks */,
				A3F49E432C8A18C6003A0E1D /* Resources */,
			);
			buildRules = (
			);
			dependencies = (
			);
			name = UltimateRugbyTrainer;
			productName = UltimateRugbyTrainer;
			productReference = A3F49E452C8A18C6003A0E1D /* UltimateRugbyTrainer.app */;
			productType = "com.apple.product-type.application";
		};
/* End PBXNativeTarget section */

/* Begin PBXProject section */
		A3F49E3D2C8A18C6003A0E1D /* Project object */ = {
			isa = PBXProject;
			attributes = {
				BuildIndependentTargetsInParallel = 1;
				LastSwiftUpdateCheck = 1540;
				LastUpgradeCheck = 1540;
				TargetAttributes = {
					A321D4852CB0C8D500ECFB96 = {
						CreatedOnToolsVersion = 15.4;
						TestTargetID = A3F49E442C8A18C6003A0E1D;
					};
					A3F49E442C8A18C6003A0E1D = {
						CreatedOnToolsVersion = 15.4;
					};
				};
			};
			buildConfigurationList = A3F49E402C8A18C6003A0E1D /* Build configuration list for PBXProject "UltimateRugbyTrainer" */;
			compatibilityVersion = "Xcode 14.0";
			developmentRegion = en;
			hasScannedForEncodings = 0;
			knownRegions = (
				en,
				Base,
			);
			mainGroup = A3F49E3C2C8A18C6003A0E1D;
			productRefGroup = A3F49E462C8A18C6003A0E1D /* Products */;
			projectDirPath = "";
			projectRoot = "";
			targets = (
				A3F49E442C8A18C6003A0E1D /* UltimateRugbyTrainer */,
				A321D4852CB0C8D500ECFB96 /* UltimateRugbyTrainerTests */,
			);
		};
/* End PBXProject section */

/* Begin PBXResourcesBuildPhase section */
		A321D4842CB0C8D500ECFB96 /* Resources */ = {
			isa = PBXResourcesBuildPhase;
			buildActionMask = 2147483647;
			files = (
			);
			runOnlyForDeploymentPostprocessing = 0;
		};
		A3F49E432C8A18C6003A0E1D /* Resources */ = {
			isa = PBXResourcesBuildPhase;
			buildActionMask = 2147483647;
			files = (
				A3F49E502C8A18C7003A0E1D /* Preview Assets.xcassets in Resources */,
				A3DB7C012C8B8CE7005F1DF6 /* NFPixels-Regular.ttf in Resources */,
				A3F49E4D2C8A18C7003A0E1D /* Assets.xcassets in Resources */,
			);
			runOnlyForDeploymentPostprocessing = 0;
		};
/* End PBXResourcesBuildPhase section */

/* Begin PBXSourcesBuildPhase section */
		A321D4822CB0C8D500ECFB96 /* Sources */ = {
			isa = PBXSourcesBuildPhase;
			buildActionMask = 2147483647;
			files = (
				A321D4902CB17DB700ECFB96 /* BuildGameTests.swift in Sources */,
				A321D4892CB0C8D500ECFB96 /* UltimateRugbyTrainerTests.swift in Sources */,
			);
			runOnlyForDeploymentPostprocessing = 0;
		};
		A3F49E412C8A18C6003A0E1D /* Sources */ = {
			isa = PBXSourcesBuildPhase;
			buildActionMask = 2147483647;
			files = (
				A3F25D722CB7514B003FF37A /* FrameByFrameManager.swift in Sources */,
				A3F25D6C2CB74301003FF37A /* ContentViewLogic.swift in Sources */,
				A3A680DC2CAEF4F400B061E5 /* SettingsView.swift in Sources */,
				A3EAD7EA2CA4EB55005FE69A /* PlayView.swift in Sources */,
				A3DB7BFD2C8A27AE005F1DF6 /* GameSimulationView.swift in Sources */,
				A3EAD7EC2CA5AF02005FE69A /* PlayLogic.swift in Sources */,
				A3F25D6E2CB74F84003FF37A /* FootballView.swift in Sources */,
				A3F49E4B2C8A18C6003A0E1D /* ContentView.swift in Sources */,
				A3F49E492C8A18C6003A0E1D /* UltimateRugbyTrainerApp.swift in Sources */,
				A38AB2052CA0DE6600367011 /* TutorialView.swift in Sources */,
				A3F25D6A2CB7429A003FF37A /* GameSimulationViewLogic.swift in Sources */,
				A3F25D702CB7512D003FF37A /* FrameByFrameView.swift in Sources */,
			);
			runOnlyForDeploymentPostprocessing = 0;
		};
/* End PBXSourcesBuildPhase section */

/* Begin PBXTargetDependency section */
		A321D48B2CB0C8D500ECFB96 /* PBXTargetDependency */ = {
			isa = PBXTargetDependency;
			target = A3F49E442C8A18C6003A0E1D /* UltimateRugbyTrainer */;
			targetProxy = A321D48A2CB0C8D500ECFB96 /* PBXContainerItemProxy */;
		};
/* End PBXTargetDependency section */

/* Begin XCBuildConfiguration section */
		A321D48C2CB0C8D500ECFB96 /* Debug */ = {
			isa = XCBuildConfiguration;
			buildSettings = {
				BUNDLE_LOADER = "$(TEST_HOST)";
				CODE_SIGN_STYLE = Automatic;
				CURRENT_PROJECT_VERSION = 1;
				DEVELOPMENT_TEAM = P6M5J7435U;
				GENERATE_INFOPLIST_FILE = YES;
				MARKETING_VERSION = 1.0;
				PRODUCT_BUNDLE_IDENTIFIER = com.jacksonevarts.UltimateRugbyTrainerTests;
				PRODUCT_NAME = "$(TARGET_NAME)";
				SWIFT_EMIT_LOC_STRINGS = NO;
				SWIFT_VERSION = 5.0;
				TARGETED_DEVICE_FAMILY = "1,2";
				TEST_HOST = "$(BUILT_PRODUCTS_DIR)/UltimateRugbyTrainer.app/$(BUNDLE_EXECUTABLE_FOLDER_PATH)/UltimateRugbyTrainer";
			};
			name = Debug;
		};
		A321D48D2CB0C8D500ECFB96 /* Release */ = {
			isa = XCBuildConfiguration;
			buildSettings = {
				BUNDLE_LOADER = "$(TEST_HOST)";
				CODE_SIGN_STYLE = Automatic;
				CURRENT_PROJECT_VERSION = 1;
				DEVELOPMENT_TEAM = P6M5J7435U;
				GENERATE_INFOPLIST_FILE = YES;
				MARKETING_VERSION = 1.0;
				PRODUCT_BUNDLE_IDENTIFIER = com.jacksonevarts.UltimateRugbyTrainerTests;
				PRODUCT_NAME = "$(TARGET_NAME)";
				SWIFT_EMIT_LOC_STRINGS = NO;
				SWIFT_VERSION = 5.0;
				TARGETED_DEVICE_FAMILY = "1,2";
				TEST_HOST = "$(BUILT_PRODUCTS_DIR)/UltimateRugbyTrainer.app/$(BUNDLE_EXECUTABLE_FOLDER_PATH)/UltimateRugbyTrainer";
			};
			name = Release;
		};
		A3F49E512C8A18C7003A0E1D /* Debug */ = {
			isa = XCBuildConfiguration;
			buildSettings = {
				ALWAYS_SEARCH_USER_PATHS = NO;
				ASSETCATALOG_COMPILER_GENERATE_SWIFT_ASSET_SYMBOL_EXTENSIONS = YES;
				CLANG_ANALYZER_NONNULL = YES;
				CLANG_ANALYZER_NUMBER_OBJECT_CONVERSION = YES_AGGRESSIVE;
				CLANG_CXX_LANGUAGE_STANDARD = "gnu++20";
				CLANG_ENABLE_MODULES = YES;
				CLANG_ENABLE_OBJC_ARC = YES;
				CLANG_ENABLE_OBJC_WEAK = YES;
				CLANG_WARN_BLOCK_CAPTURE_AUTORELEASING = YES;
				CLANG_WARN_BOOL_CONVERSION = YES;
				CLANG_WARN_COMMA = YES;
				CLANG_WARN_CONSTANT_CONVERSION = YES;
				CLANG_WARN_DEPRECATED_OBJC_IMPLEMENTATIONS = YES;
				CLANG_WARN_DIRECT_OBJC_ISA_USAGE = YES_ERROR;
				CLANG_WARN_DOCUMENTATION_COMMENTS = YES;
				CLANG_WARN_EMPTY_BODY = YES;
				CLANG_WARN_ENUM_CONVERSION = YES;
				CLANG_WARN_INFINITE_RECURSION = YES;
				CLANG_WARN_INT_CONVERSION = YES;
				CLANG_WARN_NON_LITERAL_NULL_CONVERSION = YES;
				CLANG_WARN_OBJC_IMPLICIT_RETAIN_SELF = YES;
				CLANG_WARN_OBJC_LITERAL_CONVERSION = YES;
				CLANG_WARN_OBJC_ROOT_CLASS = YES_ERROR;
				CLANG_WARN_QUOTED_INCLUDE_IN_FRAMEWORK_HEADER = YES;
				CLANG_WARN_RANGE_LOOP_ANALYSIS = YES;
				CLANG_WARN_STRICT_PROTOTYPES = YES;
				CLANG_WARN_SUSPICIOUS_MOVE = YES;
				CLANG_WARN_UNGUARDED_AVAILABILITY = YES_AGGRESSIVE;
				CLANG_WARN_UNREACHABLE_CODE = YES;
				CLANG_WARN__DUPLICATE_METHOD_MATCH = YES;
				COPY_PHASE_STRIP = NO;
				DEBUG_INFORMATION_FORMAT = dwarf;
				ENABLE_STRICT_OBJC_MSGSEND = YES;
				ENABLE_TESTABILITY = YES;
				ENABLE_USER_SCRIPT_SANDBOXING = YES;
				GCC_C_LANGUAGE_STANDARD = gnu17;
				GCC_DYNAMIC_NO_PIC = NO;
				GCC_NO_COMMON_BLOCKS = YES;
				GCC_OPTIMIZATION_LEVEL = 0;
				GCC_PREPROCESSOR_DEFINITIONS = (
					"DEBUG=1",
					"$(inherited)",
				);
				GCC_WARN_64_TO_32_BIT_CONVERSION = YES;
				GCC_WARN_ABOUT_RETURN_TYPE = YES_ERROR;
				GCC_WARN_UNDECLARED_SELECTOR = YES;
				GCC_WARN_UNINITIALIZED_AUTOS = YES_AGGRESSIVE;
				GCC_WARN_UNUSED_FUNCTION = YES;
				GCC_WARN_UNUSED_VARIABLE = YES;
				IPHONEOS_DEPLOYMENT_TARGET = 17.5;
				LOCALIZATION_PREFERS_STRING_CATALOGS = YES;
				MTL_ENABLE_DEBUG_INFO = INCLUDE_SOURCE;
				MTL_FAST_MATH = YES;
				ONLY_ACTIVE_ARCH = YES;
				SDKROOT = iphoneos;
				SWIFT_ACTIVE_COMPILATION_CONDITIONS = "DEBUG $(inherited)";
				SWIFT_OPTIMIZATION_LEVEL = "-Onone";
			};
			name = Debug;
		};
		A3F49E522C8A18C7003A0E1D /* Release */ = {
			isa = XCBuildConfiguration;
			buildSettings = {
				ALWAYS_SEARCH_USER_PATHS = NO;
				ASSETCATALOG_COMPILER_GENERATE_SWIFT_ASSET_SYMBOL_EXTENSIONS = YES;
				CLANG_ANALYZER_NONNULL = YES;
				CLANG_ANALYZER_NUMBER_OBJECT_CONVERSION = YES_AGGRESSIVE;
				CLANG_CXX_LANGUAGE_STANDARD = "gnu++20";
				CLANG_ENABLE_MODULES = YES;
				CLANG_ENABLE_OBJC_ARC = YES;
				CLANG_ENABLE_OBJC_WEAK = YES;
				CLANG_WARN_BLOCK_CAPTURE_AUTORELEASING = YES;
				CLANG_WARN_BOOL_CONVERSION = YES;
				CLANG_WARN_COMMA = YES;
				CLANG_WARN_CONSTANT_CONVERSION = YES;
				CLANG_WARN_DEPRECATED_OBJC_IMPLEMENTATIONS = YES;
				CLANG_WARN_DIRECT_OBJC_ISA_USAGE = YES_ERROR;
				CLANG_WARN_DOCUMENTATION_COMMENTS = YES;
				CLANG_WARN_EMPTY_BODY = YES;
				CLANG_WARN_ENUM_CONVERSION = YES;
				CLANG_WARN_INFINITE_RECURSION = YES;
				CLANG_WARN_INT_CONVERSION = YES;
				CLANG_WARN_NON_LITERAL_NULL_CONVERSION = YES;
				CLANG_WARN_OBJC_IMPLICIT_RETAIN_SELF = YES;
				CLANG_WARN_OBJC_LITERAL_CONVERSION = YES;
				CLANG_WARN_OBJC_ROOT_CLASS = YES_ERROR;
				CLANG_WARN_QUOTED_INCLUDE_IN_FRAMEWORK_HEADER = YES;
				CLANG_WARN_RANGE_LOOP_ANALYSIS = YES;
				CLANG_WARN_STRICT_PROTOTYPES = YES;
				CLANG_WARN_SUSPICIOUS_MOVE = YES;
				CLANG_WARN_UNGUARDED_AVAILABILITY = YES_AGGRESSIVE;
				CLANG_WARN_UNREACHABLE_CODE = YES;
				CLANG_WARN__DUPLICATE_METHOD_MATCH = YES;
				COPY_PHASE_STRIP = NO;
				DEBUG_INFORMATION_FORMAT = "dwarf-with-dsym";
				ENABLE_NS_ASSERTIONS = NO;
				ENABLE_STRICT_OBJC_MSGSEND = YES;
				ENABLE_USER_SCRIPT_SANDBOXING = YES;
				GCC_C_LANGUAGE_STANDARD = gnu17;
				GCC_NO_COMMON_BLOCKS = YES;
				GCC_WARN_64_TO_32_BIT_CONVERSION = YES;
				GCC_WARN_ABOUT_RETURN_TYPE = YES_ERROR;
				GCC_WARN_UNDECLARED_SELECTOR = YES;
				GCC_WARN_UNINITIALIZED_AUTOS = YES_AGGRESSIVE;
				GCC_WARN_UNUSED_FUNCTION = YES;
				GCC_WARN_UNUSED_VARIABLE = YES;
				IPHONEOS_DEPLOYMENT_TARGET = 17.5;
				LOCALIZATION_PREFERS_STRING_CATALOGS = YES;
				MTL_ENABLE_DEBUG_INFO = NO;
				MTL_FAST_MATH = YES;
				SDKROOT = iphoneos;
				SWIFT_COMPILATION_MODE = wholemodule;
				VALIDATE_PRODUCT = YES;
			};
			name = Release;
		};
		A3F49E542C8A18C7003A0E1D /* Debug */ = {
			isa = XCBuildConfiguration;
			buildSettings = {
				ASSETCATALOG_COMPILER_APPICON_NAME = AppIcon;
				ASSETCATALOG_COMPILER_GLOBAL_ACCENT_COLOR_NAME = AccentColor;
				CODE_SIGN_STYLE = Automatic;
				CURRENT_PROJECT_VERSION = 1;
				DEVELOPMENT_ASSET_PATHS = "\"UltimateRugbyTrainer/Preview Content\"";
				DEVELOPMENT_TEAM = P6M5J7435U;
				ENABLE_PREVIEWS = YES;
				GENERATE_INFOPLIST_FILE = YES;
				INFOPLIST_FILE = UltimateRugbyTrainer/Info.plist;
				INFOPLIST_KEY_UIApplicationSceneManifest_Generation = YES;
				INFOPLIST_KEY_UIApplicationSupportsIndirectInputEvents = YES;
				INFOPLIST_KEY_UILaunchScreen_Generation = YES;
				INFOPLIST_KEY_UISupportedInterfaceOrientations_iPad = "UIInterfaceOrientationPortrait UIInterfaceOrientationPortraitUpsideDown UIInterfaceOrientationLandscapeLeft UIInterfaceOrientationLandscapeRight";
				INFOPLIST_KEY_UISupportedInterfaceOrientations_iPhone = "UIInterfaceOrientationPortrait UIInterfaceOrientationLandscapeLeft UIInterfaceOrientationLandscapeRight";
				LD_RUNPATH_SEARCH_PATHS = (
					"$(inherited)",
					"@executable_path/Frameworks",
				);
				MARKETING_VERSION = 1.0;
				PRODUCT_BUNDLE_IDENTIFIER = com.jacksonevarts.UltimateRugbyTrainer;
				PRODUCT_NAME = "$(TARGET_NAME)";
				SWIFT_EMIT_LOC_STRINGS = YES;
				SWIFT_VERSION = 5.0;
				TARGETED_DEVICE_FAMILY = "1,2";
			};
			name = Debug;
		};
		A3F49E552C8A18C7003A0E1D /* Release */ = {
			isa = XCBuildConfiguration;
			buildSettings = {
				ASSETCATALOG_COMPILER_APPICON_NAME = AppIcon;
				ASSETCATALOG_COMPILER_GLOBAL_ACCENT_COLOR_NAME = AccentColor;
				CODE_SIGN_STYLE = Automatic;
				CURRENT_PROJECT_VERSION = 1;
				DEVELOPMENT_ASSET_PATHS = "\"UltimateRugbyTrainer/Preview Content\"";
				DEVELOPMENT_TEAM = P6M5J7435U;
				ENABLE_PREVIEWS = YES;
				GENERATE_INFOPLIST_FILE = YES;
				INFOPLIST_FILE = UltimateRugbyTrainer/Info.plist;
				INFOPLIST_KEY_UIApplicationSceneManifest_Generation = YES;
				INFOPLIST_KEY_UIApplicationSupportsIndirectInputEvents = YES;
				INFOPLIST_KEY_UILaunchScreen_Generation = YES;
				INFOPLIST_KEY_UISupportedInterfaceOrientations_iPad = "UIInterfaceOrientationPortrait UIInterfaceOrientationPortraitUpsideDown UIInterfaceOrientationLandscapeLeft UIInterfaceOrientationLandscapeRight";
				INFOPLIST_KEY_UISupportedInterfaceOrientations_iPhone = "UIInterfaceOrientationPortrait UIInterfaceOrientationLandscapeLeft UIInterfaceOrientationLandscapeRight";
				LD_RUNPATH_SEARCH_PATHS = (
					"$(inherited)",
					"@executable_path/Frameworks",
				);
				MARKETING_VERSION = 1.0;
				PRODUCT_BUNDLE_IDENTIFIER = com.jacksonevarts.UltimateRugbyTrainer;
				PRODUCT_NAME = "$(TARGET_NAME)";
				SWIFT_EMIT_LOC_STRINGS = YES;
				SWIFT_VERSION = 5.0;
				TARGETED_DEVICE_FAMILY = "1,2";
			};
			name = Release;
		};
/* End XCBuildConfiguration section */

/* Begin XCConfigurationList section */
		A321D48E2CB0C8D500ECFB96 /* Build configuration list for PBXNativeTarget "UltimateRugbyTrainerTests" */ = {
			isa = XCConfigurationList;
			buildConfigurations = (
				A321D48C2CB0C8D500ECFB96 /* Debug */,
				A321D48D2CB0C8D500ECFB96 /* Release */,
			);
			defaultConfigurationIsVisible = 0;
			defaultConfigurationName = Release;
		};
		A3F49E402C8A18C6003A0E1D /* Build configuration list for PBXProject "UltimateRugbyTrainer" */ = {
			isa = XCConfigurationList;
			buildConfigurations = (
				A3F49E512C8A18C7003A0E1D /* Debug */,
				A3F49E522C8A18C7003A0E1D /* Release */,
			);
			defaultConfigurationIsVisible = 0;
			defaultConfigurationName = Release;
		};
		A3F49E532C8A18C7003A0E1D /* Build configuration list for PBXNativeTarget "UltimateRugbyTrainer" */ = {
			isa = XCConfigurationList;
			buildConfigurations = (
				A3F49E542C8A18C7003A0E1D /* Debug */,
				A3F49E552C8A18C7003A0E1D /* Release */,
			);
			defaultConfigurationIsVisible = 0;
			defaultConfigurationName = Release;
		};
/* End XCConfigurationList section */
	};
	rootObject = A3F49E3D2C8A18C6003A0E1D /* Project object */;
}
